
Microsoft Visual Studio Solution File, Format Version 12.00
# Visual Studio Version 17
VisualStudioVersion = 17.10.35122.118
MinimumVisualStudioVersion = 10.0.40219.1
Project("{FAE04EC0-301F-11D3-BF4B-00C04F79EFBC}") = "WebApiOpg4", "..\..\Skole\Classes\WebApiOpg4\WebApiOpg4.csproj", "{A92DA50F-F1F6-4DB0-8C5F-880F405160BD}"
EndProject
Global
	GlobalSection(SolutionConfigurationPlatforms) = preSolution
		Debug|Any CPU = Debug|Any CPU
		Release|Any CPU = Release|Any CPU
	EndGlobalSection
	GlobalSection(ProjectConfigurationPlatforms) = postSolution
		{A92DA50F-F1F6-4DB0-8C5F-880F405160BD}.Debug|Any CPU.ActiveCfg = Debug|Any CPU
		{A92DA50F-F1F6-4DB0-8C5F-880F405160BD}.Debug|Any CPU.Build.0 = Debug|Any CPU
		{A92DA50F-F1F6-4DB0-8C5F-880F405160BD}.Release|Any CPU.ActiveCfg = Release|Any CPU
		{A92DA50F-F1F6-4DB0-8C5F-880F405160BD}.Release|Any CPU.Build.0 = Release|Any CPU
	EndGlobalSection
	GlobalSection(SolutionProperties) = preSolution
		HideSolutionNode = FALSE
	EndGlobalSection
	GlobalSection(ExtensibilityGlobals) = postSolution
		SolutionGuid = {A4F08908-E8F8-401F-B79C-C9184A311745}
	EndGlobalSection
EndGlobal
