
Microsoft Visual Studio Solution File, Format Version 12.00
# Visual Studio Version 17
VisualStudioVersion = 17.10.35122.118
MinimumVisualStudioVersion = 10.0.40219.1
Project("{FAE04EC0-301F-11D3-BF4B-00C04F79EFBC}") = "MVCOpg4", "MVCOpg4.csproj", "{74D2BB1D-CDF6-4E9A-AEE0-5A782F85E494}"
EndProject
Global
	GlobalSection(SolutionConfigurationPlatforms) = preSolution
		Debug|Any CPU = Debug|Any CPU
		Release|Any CPU = Release|Any CPU
	EndGlobalSection
	GlobalSection(ProjectConfigurationPlatforms) = postSolution
		{74D2BB1D-CDF6-4E9A-AEE0-5A782F85E494}.Debug|Any CPU.ActiveCfg = Debug|Any CPU
		{74D2BB1D-CDF6-4E9A-AEE0-5A782F85E494}.Debug|Any CPU.Build.0 = Debug|Any CPU
		{74D2BB1D-CDF6-4E9A-AEE0-5A782F85E494}.Release|Any CPU.ActiveCfg = Release|Any CPU
		{74D2BB1D-CDF6-4E9A-AEE0-5A782F85E494}.Release|Any CPU.Build.0 = Release|Any CPU
	EndGlobalSection
	GlobalSection(SolutionProperties) = preSolution
		HideSolutionNode = FALSE
	EndGlobalSection
	GlobalSection(ExtensibilityGlobals) = postSolution
		SolutionGuid = {C1F4BF3C-294C-4D82-9876-FCF421FE985E}
	EndGlobalSection
EndGlobal
